
Microsoft Visual Studio Solution File, Format Version 12.00
# Visual Studio 14
VisualStudioVersion = 14.0.22310.1
MinimumVisualStudioVersion = 10.0.40219.1
Project("{8BB2217D-0F2D-49D1-97BC-3654ED321F3B}") = "AdapteePattern", "AdapteePattern\AdapteePattern.kproj", "{9FF92A30-44A6-45F0-96A7-CE91D8A441EE}"
EndProject
Project("{8BB2217D-0F2D-49D1-97BC-3654ED321F3B}") = "DesignPatternsTest", "DesignPatternsTest\DesignPatternsTest.kproj", "{D45026E3-4704-4461-94CC-95E02E81697C}"
EndProject
Global
	GlobalSection(SolutionConfigurationPlatforms) = preSolution
		Debug|Any CPU = Debug|Any CPU
		Release|Any CPU = Release|Any CPU
	EndGlobalSection
	GlobalSection(ProjectConfigurationPlatforms) = postSolution
		{9FF92A30-44A6-45F0-96A7-CE91D8A441EE}.Debug|Any CPU.ActiveCfg = Debug|Any CPU
		{9FF92A30-44A6-45F0-96A7-CE91D8A441EE}.Debug|Any CPU.Build.0 = Debug|Any CPU
		{9FF92A30-44A6-45F0-96A7-CE91D8A441EE}.Release|Any CPU.ActiveCfg = Release|Any CPU
		{9FF92A30-44A6-45F0-96A7-CE91D8A441EE}.Release|Any CPU.Build.0 = Release|Any CPU
		{D45026E3-4704-4461-94CC-95E02E81697C}.Debug|Any CPU.ActiveCfg = Debug|Any CPU
		{D45026E3-4704-4461-94CC-95E02E81697C}.Debug|Any CPU.Build.0 = Debug|Any CPU
		{D45026E3-4704-4461-94CC-95E02E81697C}.Release|Any CPU.ActiveCfg = Release|Any CPU
		{D45026E3-4704-4461-94CC-95E02E81697C}.Release|Any CPU.Build.0 = Release|Any CPU
	EndGlobalSection
	GlobalSection(SolutionProperties) = preSolution
		HideSolutionNode = FALSE
	EndGlobalSection
EndGlobal
